{
  "version": 4,
  "terraform_version": "0.13.3",
  "serial": 20,
  "lineage": "3fdbe20d-7141-1766-fcc6-f12e4cab7050",
  "outputs": {},
  "resources": [
    {
      "mode": "managed",
      "type": "azurerm_linux_virtual_machine_scale_set",
      "name": "example",
      "provider": "provider[\"registry.terraform.io/hashicorp/azurerm\"]",
      "instances": [
        {
          "schema_version": 0,
          "attributes": {
            "additional_capabilities": [],
            "admin_password": null,
            "admin_ssh_key": [
              {
                "public_key": "ssh-rsa AAAAB3NzaC1yc2EAAAADAQABAAACAQC2SobtaenAnb2rf1Q0yfIIJHIhO3nJDyhEfFz4gBirgEVoEdFMqyucvY9Uo9cIzbKLVP2UQfS+NTPgd6M1sMJ3aTKVPdHqMnZl0tFO5I2Okgbi7Ju+0N6f0zMv94Rmz1NlOJN+xYVvh9+KmdTtKBbBzxnf3BKsM+ARV+pmmI2/0Xz7BHVL+K7ecxh9rafDNdxRWb9QJkTK8A6a1/t54niaptu+1sKr8SvZ2mp3nH93551aAuDs1aNO68FgWG0Lr5S0C4f2bmfCELJG7Ugdl6c78v8Xe5t+KSuw+hlsYD/Is9V3U/znBPLn2sjG7QPskZvXRZ9n6nDut7ZPM5iLHqAR0ju35hFkV3ZIAq5Htfj4iGqh9bs6qfzuee5Yn20kJ04rnSRluaLrXWmMELzDjwI9TPDilYDvbXIuIud7zLAn+dYjkHqpp0DaSbZsiawXwu1hm96/KAy3iJzQISkOpTlgKGEO9d+ocYjaR/Utxj8FMMp/emwYiHsk6hO7GcIV2mALjxRgq1juaI/iEnQOmfIVwdCjU4laZ3Rw6ZVxCW0/8i7yXiJr33th/Cq1lEMCmeCgVSi5Wd3H8TmkdwvZBShKdJWfSIL8/lH6wQLOrUatJA1kVfKu1Jw+NetJ7gj14OYCeQpwVtHduwAZyvZd7B1/725hBv2ZY5Q9EUieqrE7xQ== github@decidela.net\n",
                "username": "steph"
              }
            ],
            "admin_username": "steph",
            "automatic_instance_repair": [
              {
                "enabled": false,
                "grace_period": "PT30M"
              }
            ],
            "automatic_os_upgrade_policy": [],
            "boot_diagnostics": [],
            "computer_name_prefix": "example-vmss",
            "custom_data": null,
            "data_disk": [],
            "disable_password_authentication": true,
            "do_not_run_extensions_on_overprovisioned_machines": false,
            "encryption_at_host_enabled": false,
            "eviction_policy": "",
            "extension": null,
            "health_probe_id": "",
            "id": "/subscriptions/88e98c7d-911a-45db-87e2-c788bd626c53/resourceGroups/example-resources/providers/Microsoft.Compute/virtualMachineScaleSets/example-vmss",
            "identity": [],
            "instances": 1,
            "location": "westeurope",
            "max_bid_price": -1,
            "name": "example-vmss",
            "network_interface": [
              {
                "dns_servers": null,
                "enable_accelerated_networking": false,
                "enable_ip_forwarding": false,
                "ip_configuration": [
                  {
                    "application_gateway_backend_address_pool_ids": null,
                    "application_security_group_ids": null,
                    "load_balancer_backend_address_pool_ids": null,
                    "load_balancer_inbound_nat_rules_ids": null,
                    "name": "internal",
                    "primary": true,
                    "public_ip_address": [],
                    "subnet_id": "/subscriptions/88e98c7d-911a-45db-87e2-c788bd626c53/resourceGroups/example-resources/providers/Microsoft.Network/virtualNetworks/example-network/subnets/internal",
                    "version": "IPv4"
                  }
                ],
                "name": "example",
                "network_security_group_id": "",
                "primary": true
              }
            ],
            "os_disk": [
              {
                "caching": "ReadWrite",
                "diff_disk_settings": [],
                "disk_encryption_set_id": "",
                "disk_size_gb": 30,
                "storage_account_type": "Standard_LRS",
                "write_accelerator_enabled": false
              }
            ],
            "overprovision": true,
            "plan": [],
            "priority": "Regular",
            "provision_vm_agent": true,
            "proximity_placement_group_id": "",
            "resource_group_name": "example-resources",
            "rolling_upgrade_policy": [],
            "scale_in_policy": "Default",
            "secret": [],
            "single_placement_group": true,
            "sku": "Standard_F2",
            "source_image_id": "",
            "source_image_reference": [
              {
                "offer": "UbuntuServer",
                "publisher": "Canonical",
                "sku": "16.04-LTS",
                "version": "latest"
              }
            ],
            "tags": null,
            "terminate_notification": null,
            "timeouts": null,
            "unique_id": "9c8f0ea5-6df8-46cb-b17b-005a5dbf1308",
            "upgrade_mode": "Manual",
            "zone_balance": false,
            "zones": null
          },
          "private": "eyJlMmJmYjczMC1lY2FhLTExZTYtOGY4OC0zNDM2M2JjN2M0YzAiOnsiY3JlYXRlIjoxODAwMDAwMDAwMDAwLCJkZWxldGUiOjE4MDAwMDAwMDAwMDAsInJlYWQiOjMwMDAwMDAwMDAwMCwidXBkYXRlIjozNjAwMDAwMDAwMDAwfX0=",
          "dependencies": [
            "azurerm_resource_group.example",
            "azurerm_subnet.internal",
            "azurerm_virtual_network.example"
          ]
        }
      ]
    },
    {
      "mode": "managed",
      "type": "azurerm_resource_group",
      "name": "example",
      "provider": "provider[\"registry.terraform.io/hashicorp/azurerm\"]",
      "instances": [
        {
          "schema_version": 0,
          "attributes": {
            "id": "/subscriptions/88e98c7d-911a-45db-87e2-c788bd626c53/resourceGroups/example-resources",
            "location": "westeurope",
            "name": "example-resources",
            "tags": null,
            "timeouts": null
          },
          "private": "eyJlMmJmYjczMC1lY2FhLTExZTYtOGY4OC0zNDM2M2JjN2M0YzAiOnsiY3JlYXRlIjo1NDAwMDAwMDAwMDAwLCJkZWxldGUiOjU0MDAwMDAwMDAwMDAsInJlYWQiOjMwMDAwMDAwMDAwMCwidXBkYXRlIjo1NDAwMDAwMDAwMDAwfX0="
        }
      ]
    },
    {
      "mode": "managed",
      "type": "azurerm_subnet",
      "name": "internal",
      "provider": "provider[\"registry.terraform.io/hashicorp/azurerm\"]",
      "instances": [
        {
          "schema_version": 0,
          "attributes": {
            "address_prefix": "10.0.2.0/24",
            "address_prefixes": [
              "10.0.2.0/24"
            ],
            "delegation": [],
            "enforce_private_link_endpoint_network_policies": false,
            "enforce_private_link_service_network_policies": false,
            "id": "/subscriptions/88e98c7d-911a-45db-87e2-c788bd626c53/resourceGroups/example-resources/providers/Microsoft.Network/virtualNetworks/example-network/subnets/internal",
            "name": "internal",
            "resource_group_name": "example-resources",
            "service_endpoints": null,
            "timeouts": null,
            "virtual_network_name": "example-network"
          },
          "private": "eyJlMmJmYjczMC1lY2FhLTExZTYtOGY4OC0zNDM2M2JjN2M0YzAiOnsiY3JlYXRlIjoxODAwMDAwMDAwMDAwLCJkZWxldGUiOjE4MDAwMDAwMDAwMDAsInJlYWQiOjMwMDAwMDAwMDAwMCwidXBkYXRlIjoxODAwMDAwMDAwMDAwfX0=",
          "dependencies": [
            "azurerm_resource_group.example",
            "azurerm_virtual_network.example"
          ]
        }
      ]
    },
    {
      "mode": "managed",
      "type": "azurerm_virtual_network",
      "name": "example",
      "provider": "provider[\"registry.terraform.io/hashicorp/azurerm\"]",
      "instances": [
        {
          "schema_version": 0,
          "attributes": {
            "address_space": [
              "10.0.0.0/16"
            ],
            "ddos_protection_plan": [],
            "dns_servers": null,
            "guid": "a3b1b190-1eba-410b-99e5-1a6256bd4f19",
            "id": "/subscriptions/88e98c7d-911a-45db-87e2-c788bd626c53/resourceGroups/example-resources/providers/Microsoft.Network/virtualNetworks/example-network",
            "location": "westeurope",
            "name": "example-network",
            "resource_group_name": "example-resources",
            "subnet": [],
            "tags": null,
            "timeouts": null
          },
          "private": "eyJlMmJmYjczMC1lY2FhLTExZTYtOGY4OC0zNDM2M2JjN2M0YzAiOnsiY3JlYXRlIjoxODAwMDAwMDAwMDAwLCJkZWxldGUiOjE4MDAwMDAwMDAwMDAsInJlYWQiOjMwMDAwMDAwMDAwMCwidXBkYXRlIjoxODAwMDAwMDAwMDAwfX0=",
          "dependencies": [
            "azurerm_resource_group.example"
          ]
        }
      ]
    }
  ]
}
