{
  "version": 4,
  "terraform_version": "0.12.26",
  "serial": 232,
  "lineage": "f82ded45-62cc-7dc2-048e-868f362785ce",
  "outputs": {
    "pip": {
      "value": "13.92.254.247",
      "type": "string"
    }
  },
  "resources": [
    {
      "mode": "managed",
      "type": "azurerm_network_interface",
      "name": "main",
      "provider": "provider.azurerm",
      "instances": [
        {
          "schema_version": 0,
          "attributes": {
            "applied_dns_servers": [],
            "dns_servers": [],
            "enable_accelerated_networking": false,
            "enable_ip_forwarding": false,
            "id": "/subscriptions/88e98c7d-911a-45db-87e2-c788bd626c53/resourceGroups/CloudSkilsRG1992/providers/Microsoft.Network/networkInterfaces/cloudskills-nic",
            "internal_dns_name_label": "",
            "internal_domain_name_suffix": "emagydvbvn0unksrjhkmjhovca.bx.internal.cloudapp.net",
            "ip_configuration": [
              {
                "name": "cloudskills-nic-ip-config",
                "primary": true,
                "private_ip_address": "10.0.1.4",
                "private_ip_address_allocation": "Dynamic",
                "private_ip_address_version": "IPv4",
                "public_ip_address_id": "/subscriptions/88e98c7d-911a-45db-87e2-c788bd626c53/resourceGroups/CloudSkilsRG1992/providers/Microsoft.Network/publicIPAddresses/cloudskills-publicIP",
                "subnet_id": "/subscriptions/88e98c7d-911a-45db-87e2-c788bd626c53/resourceGroups/CloudSkilsRG1992/providers/Microsoft.Network/virtualNetworks/cloudskills-vnet/subnets/testsubnet"
              }
            ],
            "location": "eastus",
            "mac_address": "",
            "name": "cloudskills-nic",
            "private_ip_address": "10.0.1.4",
            "private_ip_addresses": [
              "10.0.1.4"
            ],
            "resource_group_name": "CloudSkilsRG1992",
            "tags": null,
            "timeouts": null,
            "virtual_machine_id": ""
          },
          "private": "eyJlMmJmYjczMC1lY2FhLTExZTYtOGY4OC0zNDM2M2JjN2M0YzAiOnsiY3JlYXRlIjoxODAwMDAwMDAwMDAwLCJkZWxldGUiOjE4MDAwMDAwMDAwMDAsInJlYWQiOjMwMDAwMDAwMDAwMCwidXBkYXRlIjoxODAwMDAwMDAwMDAwfX0=",
          "dependencies": [
            "azurerm_network_security_group.CloudskillsSG",
            "azurerm_public_ip.cloudskills-publicIP",
            "azurerm_resource_group.rg",
            "azurerm_subnet.cloudskills-sub",
            "azurerm_virtual_network.cloudskills-vnet"
          ]
        }
      ]
    },
    {
      "mode": "managed",
      "type": "azurerm_network_security_group",
      "name": "CloudskillsSG",
      "provider": "provider.azurerm",
      "instances": [
        {
          "schema_version": 0,
          "attributes": {
            "id": "/subscriptions/88e98c7d-911a-45db-87e2-c788bd626c53/resourceGroups/CloudSkilsRG1992/providers/Microsoft.Network/networkSecurityGroups/cloudSkillsSG",
            "location": "eastus",
            "name": "cloudSkillsSG",
            "resource_group_name": "CloudSkilsRG1992",
            "security_rule": [],
            "tags": null,
            "timeouts": null
          },
          "private": "eyJlMmJmYjczMC1lY2FhLTExZTYtOGY4OC0zNDM2M2JjN2M0YzAiOnsiY3JlYXRlIjoxODAwMDAwMDAwMDAwLCJkZWxldGUiOjE4MDAwMDAwMDAwMDAsInJlYWQiOjMwMDAwMDAwMDAwMCwidXBkYXRlIjoxODAwMDAwMDAwMDAwfX0=",
          "dependencies": [
            "azurerm_resource_group.rg"
          ]
        }
      ]
    },
    {
      "mode": "managed",
      "type": "azurerm_network_security_rule",
      "name": "Port22",
      "provider": "provider.azurerm",
      "instances": [
        {
          "schema_version": 0,
          "attributes": {
            "access": "Allow",
            "description": "",
            "destination_address_prefix": "*",
            "destination_address_prefixes": null,
            "destination_application_security_group_ids": null,
            "destination_port_range": "22",
            "destination_port_ranges": null,
            "direction": "Inbound",
            "id": "/subscriptions/88e98c7d-911a-45db-87e2-c788bd626c53/resourceGroups/CloudSkilsRG1992/providers/Microsoft.Network/networkSecurityGroups/cloudSkillsSG/securityRules/Allow22",
            "name": "Allow22",
            "network_security_group_name": "cloudSkillsSG",
            "priority": 102,
            "protocol": "Tcp",
            "resource_group_name": "CloudSkilsRG1992",
            "source_address_prefix": "88.120.30.227",
            "source_address_prefixes": null,
            "source_application_security_group_ids": null,
            "source_port_range": "*",
            "source_port_ranges": null,
            "timeouts": null
          },
          "private": "eyJlMmJmYjczMC1lY2FhLTExZTYtOGY4OC0zNDM2M2JjN2M0YzAiOnsiY3JlYXRlIjoxODAwMDAwMDAwMDAwLCJkZWxldGUiOjE4MDAwMDAwMDAwMDAsInJlYWQiOjMwMDAwMDAwMDAwMCwidXBkYXRlIjoxODAwMDAwMDAwMDAwfX0=",
          "dependencies": [
            "azurerm_network_security_group.CloudskillsSG",
            "azurerm_resource_group.rg"
          ]
        }
      ]
    },
    {
      "mode": "managed",
      "type": "azurerm_network_security_rule",
      "name": "Port443",
      "provider": "provider.azurerm",
      "instances": [
        {
          "schema_version": 0,
          "attributes": {
            "access": "Allow",
            "description": "",
            "destination_address_prefix": "*",
            "destination_address_prefixes": null,
            "destination_application_security_group_ids": null,
            "destination_port_range": "443",
            "destination_port_ranges": null,
            "direction": "Inbound",
            "id": "/subscriptions/88e98c7d-911a-45db-87e2-c788bd626c53/resourceGroups/CloudSkilsRG1992/providers/Microsoft.Network/networkSecurityGroups/cloudSkillsSG/securityRules/Allow443",
            "name": "Allow443",
            "network_security_group_name": "cloudSkillsSG",
            "priority": 101,
            "protocol": "Tcp",
            "resource_group_name": "CloudSkilsRG1992",
            "source_address_prefix": "*",
            "source_address_prefixes": null,
            "source_application_security_group_ids": null,
            "source_port_range": "*",
            "source_port_ranges": null,
            "timeouts": null
          },
          "private": "eyJlMmJmYjczMC1lY2FhLTExZTYtOGY4OC0zNDM2M2JjN2M0YzAiOnsiY3JlYXRlIjoxODAwMDAwMDAwMDAwLCJkZWxldGUiOjE4MDAwMDAwMDAwMDAsInJlYWQiOjMwMDAwMDAwMDAwMCwidXBkYXRlIjoxODAwMDAwMDAwMDAwfX0=",
          "dependencies": [
            "azurerm_network_security_group.CloudskillsSG",
            "azurerm_resource_group.rg"
          ]
        }
      ]
    },
    {
      "mode": "managed",
      "type": "azurerm_network_security_rule",
      "name": "Port80",
      "provider": "provider.azurerm",
      "instances": [
        {
          "schema_version": 0,
          "attributes": {
            "access": "Allow",
            "description": "",
            "destination_address_prefix": "*",
            "destination_address_prefixes": null,
            "destination_application_security_group_ids": null,
            "destination_port_range": "80",
            "destination_port_ranges": null,
            "direction": "Inbound",
            "id": "/subscriptions/88e98c7d-911a-45db-87e2-c788bd626c53/resourceGroups/CloudSkilsRG1992/providers/Microsoft.Network/networkSecurityGroups/cloudSkillsSG/securityRules/Allow80",
            "name": "Allow80",
            "network_security_group_name": "cloudSkillsSG",
            "priority": 100,
            "protocol": "Tcp",
            "resource_group_name": "CloudSkilsRG1992",
            "source_address_prefix": "*",
            "source_address_prefixes": null,
            "source_application_security_group_ids": null,
            "source_port_range": "*",
            "source_port_ranges": null,
            "timeouts": null
          },
          "private": "eyJlMmJmYjczMC1lY2FhLTExZTYtOGY4OC0zNDM2M2JjN2M0YzAiOnsiY3JlYXRlIjoxODAwMDAwMDAwMDAwLCJkZWxldGUiOjE4MDAwMDAwMDAwMDAsInJlYWQiOjMwMDAwMDAwMDAwMCwidXBkYXRlIjoxODAwMDAwMDAwMDAwfX0=",
          "dependencies": [
            "azurerm_network_security_group.CloudskillsSG",
            "azurerm_resource_group.rg"
          ]
        }
      ]
    },
    {
      "mode": "managed",
      "type": "azurerm_public_ip",
      "name": "cloudskills-publicIP",
      "provider": "provider.azurerm",
      "instances": [
        {
          "schema_version": 0,
          "attributes": {
            "allocation_method": "Static",
            "domain_name_label": null,
            "fqdn": null,
            "id": "/subscriptions/88e98c7d-911a-45db-87e2-c788bd626c53/resourceGroups/CloudSkilsRG1992/providers/Microsoft.Network/publicIPAddresses/cloudskills-publicIP",
            "idle_timeout_in_minutes": 4,
            "ip_address": "13.92.254.247",
            "ip_version": "IPv4",
            "location": "eastus",
            "name": "cloudskills-publicIP",
            "public_ip_prefix_id": null,
            "resource_group_name": "CloudSkilsRG1992",
            "reverse_fqdn": null,
            "sku": "Basic",
            "tags": {
              "environment": "Dev"
            },
            "timeouts": null,
            "zones": null
          },
          "private": "eyJlMmJmYjczMC1lY2FhLTExZTYtOGY4OC0zNDM2M2JjN2M0YzAiOnsiY3JlYXRlIjoxODAwMDAwMDAwMDAwLCJkZWxldGUiOjE4MDAwMDAwMDAwMDAsInJlYWQiOjMwMDAwMDAwMDAwMCwidXBkYXRlIjoxODAwMDAwMDAwMDAwfX0=",
          "dependencies": [
            "azurerm_network_security_group.CloudskillsSG",
            "azurerm_resource_group.rg"
          ]
        }
      ]
    },
    {
      "mode": "managed",
      "type": "azurerm_resource_group",
      "name": "rg",
      "provider": "provider.azurerm",
      "instances": [
        {
          "schema_version": 0,
          "attributes": {
            "id": "/subscriptions/88e98c7d-911a-45db-87e2-c788bd626c53/resourceGroups/CloudSkilsRG1992",
            "location": "eastus",
            "name": "CloudSkilsRG1992",
            "tags": {
              "Environment": "Terraform Demo"
            },
            "timeouts": null
          },
          "private": "eyJlMmJmYjczMC1lY2FhLTExZTYtOGY4OC0zNDM2M2JjN2M0YzAiOnsiY3JlYXRlIjo1NDAwMDAwMDAwMDAwLCJkZWxldGUiOjU0MDAwMDAwMDAwMDAsInJlYWQiOjMwMDAwMDAwMDAwMCwidXBkYXRlIjo1NDAwMDAwMDAwMDAwfX0="
        }
      ]
    },
    {
      "mode": "managed",
      "type": "azurerm_subnet",
      "name": "cloudskills-sub",
      "provider": "provider.azurerm",
      "instances": [
        {
          "schema_version": 0,
          "attributes": {
            "address_prefix": "10.0.1.0/24",
            "address_prefixes": [
              "10.0.1.0/24"
            ],
            "delegation": [],
            "enforce_private_link_endpoint_network_policies": false,
            "enforce_private_link_service_network_policies": false,
            "id": "/subscriptions/88e98c7d-911a-45db-87e2-c788bd626c53/resourceGroups/CloudSkilsRG1992/providers/Microsoft.Network/virtualNetworks/cloudskills-vnet/subnets/testsubnet",
            "name": "testsubnet",
            "resource_group_name": "CloudSkilsRG1992",
            "service_endpoints": null,
            "timeouts": null,
            "virtual_network_name": "cloudskills-vnet"
          },
          "private": "eyJlMmJmYjczMC1lY2FhLTExZTYtOGY4OC0zNDM2M2JjN2M0YzAiOnsiY3JlYXRlIjoxODAwMDAwMDAwMDAwLCJkZWxldGUiOjE4MDAwMDAwMDAwMDAsInJlYWQiOjMwMDAwMDAwMDAwMCwidXBkYXRlIjoxODAwMDAwMDAwMDAwfX0=",
          "dependencies": [
            "azurerm_network_security_group.CloudskillsSG",
            "azurerm_resource_group.rg",
            "azurerm_virtual_network.cloudskills-vnet"
          ]
        }
      ]
    },
    {
      "mode": "managed",
      "type": "azurerm_virtual_machine",
      "name": "CloudskilsDevVM",
      "provider": "provider.azurerm",
      "instances": [
        {
          "schema_version": 0,
          "attributes": {
            "additional_capabilities": [],
            "availability_set_id": null,
            "boot_diagnostics": [],
            "delete_data_disks_on_termination": false,
            "delete_os_disk_on_termination": true,
            "id": "/subscriptions/88e98c7d-911a-45db-87e2-c788bd626c53/resourceGroups/CloudSkilsRG1992/providers/Microsoft.Compute/virtualMachines/cloudskillsvm",
            "identity": [],
            "license_type": null,
            "location": "eastus",
            "name": "cloudskillsvm",
            "network_interface_ids": [
              "/subscriptions/88e98c7d-911a-45db-87e2-c788bd626c53/resourceGroups/CloudSkilsRG1992/providers/Microsoft.Network/networkInterfaces/cloudskills-nic"
            ],
            "os_profile": [
              {
                "admin_password": "",
                "admin_username": "steph",
                "computer_name": "cloudskillsdev01",
                "custom_data": ""
              }
            ],
            "os_profile_linux_config": [
              {
                "disable_password_authentication": true,
                "ssh_keys": [
                  {
                    "key_data": "ssh-rsa AAAAB3NzaC1yc2EAAAADAQABAAACAQC2SobtaenAnb2rf1Q0yfIIJHIhO3nJDyhEfFz4gBirgEVoEdFMqyucvY9Uo9cIzbKLVP2UQfS+NTPgd6M1sMJ3aTKVPdHqMnZl0tFO5I2Okgbi7Ju+0N6f0zMv94Rmz1NlOJN+xYVvh9+KmdTtKBbBzxnf3BKsM+ARV+pmmI2/0Xz7BHVL+K7ecxh9rafDNdxRWb9QJkTK8A6a1/t54niaptu+1sKr8SvZ2mp3nH93551aAuDs1aNO68FgWG0Lr5S0C4f2bmfCELJG7Ugdl6c78v8Xe5t+KSuw+hlsYD/Is9V3U/znBPLn2sjG7QPskZvXRZ9n6nDut7ZPM5iLHqAR0ju35hFkV3ZIAq5Htfj4iGqh9bs6qfzuee5Yn20kJ04rnSRluaLrXWmMELzDjwI9TPDilYDvbXIuIud7zLAn+dYjkHqpp0DaSbZsiawXwu1hm96/KAy3iJzQISkOpTlgKGEO9d+ocYjaR/Utxj8FMMp/emwYiHsk6hO7GcIV2mALjxRgq1juaI/iEnQOmfIVwdCjU4laZ3Rw6ZVxCW0/8i7yXiJr33th/Cq1lEMCmeCgVSi5Wd3H8TmkdwvZBShKdJWfSIL8/lH6wQLOrUatJA1kVfKu1Jw+NetJ7gj14OYCeQpwVtHduwAZyvZd7B1/725hBv2ZY5Q9EUieqrE7xQ== github@decidela.net\n",
                    "path": "/home/steph/.ssh/authorized_keys"
                  }
                ]
              }
            ],
            "os_profile_secrets": [],
            "os_profile_windows_config": [],
            "plan": [],
            "primary_network_interface_id": null,
            "proximity_placement_group_id": null,
            "resource_group_name": "CloudSkilsRG1992",
            "storage_data_disk": [],
            "storage_image_reference": [
              {
                "id": "",
                "offer": "UbuntuServer",
                "publisher": "Canonical",
                "sku": "18.04-LTS",
                "version": "latest"
              }
            ],
            "storage_os_disk": [
              {
                "caching": "ReadWrite",
                "create_option": "FromImage",
                "disk_size_gb": 30,
                "image_uri": "",
                "managed_disk_id": "/subscriptions/88e98c7d-911a-45db-87e2-c788bd626c53/resourceGroups/CLOUDSKILSRG1992/providers/Microsoft.Compute/disks/disk1",
                "managed_disk_type": "Standard_LRS",
                "name": "disk1",
                "os_type": "Linux",
                "vhd_uri": "",
                "write_accelerator_enabled": false
              }
            ],
            "tags": {
              "environment": "staging"
            },
            "timeouts": null,
            "vm_size": "Standard_DS1_v2",
            "zones": null
          },
          "private": "eyJlMmJmYjczMC1lY2FhLTExZTYtOGY4OC0zNDM2M2JjN2M0YzAiOnsiY3JlYXRlIjozNjAwMDAwMDAwMDAwLCJkZWxldGUiOjM2MDAwMDAwMDAwMDAsInJlYWQiOjMwMDAwMDAwMDAwMCwidXBkYXRlIjozNjAwMDAwMDAwMDAwfX0=",
          "dependencies": [
            "azurerm_network_interface.main",
            "azurerm_network_security_group.CloudskillsSG",
            "azurerm_public_ip.cloudskills-publicIP",
            "azurerm_resource_group.rg",
            "azurerm_subnet.cloudskills-sub",
            "azurerm_virtual_network.cloudskills-vnet"
          ]
        }
      ]
    },
    {
      "mode": "managed",
      "type": "azurerm_virtual_network",
      "name": "cloudskills-vnet",
      "provider": "provider.azurerm",
      "instances": [
        {
          "schema_version": 0,
          "attributes": {
            "address_space": [
              "10.0.0.0/16"
            ],
            "ddos_protection_plan": [],
            "dns_servers": [
              "8.8.8.8",
              "8.8.4.4"
            ],
            "guid": "0e6c0023-aba1-4675-aa51-49d4c49dd510",
            "id": "/subscriptions/88e98c7d-911a-45db-87e2-c788bd626c53/resourceGroups/CloudSkilsRG1992/providers/Microsoft.Network/virtualNetworks/cloudskills-vnet",
            "location": "eastus",
            "name": "cloudskills-vnet",
            "resource_group_name": "CloudSkilsRG1992",
            "subnet": [],
            "tags": {
              "environment": "Dev"
            },
            "timeouts": null
          },
          "private": "eyJlMmJmYjczMC1lY2FhLTExZTYtOGY4OC0zNDM2M2JjN2M0YzAiOnsiY3JlYXRlIjoxODAwMDAwMDAwMDAwLCJkZWxldGUiOjE4MDAwMDAwMDAwMDAsInJlYWQiOjMwMDAwMDAwMDAwMCwidXBkYXRlIjoxODAwMDAwMDAwMDAwfX0=",
          "dependencies": [
            "azurerm_resource_group.rg"
          ]
        }
      ]
    }
  ]
}
