{
  "version": 4,
  "terraform_version": "0.13.3",
  "serial": 7,
  "lineage": "9fec7b4b-621f-fb98-92be-a7d1ad547d43",
  "outputs": {},
  "resources": [
    {
      "mode": "managed",
      "type": "azurerm_firewall",
      "name": "example",
      "provider": "provider[\"registry.terraform.io/hashicorp/azurerm\"]",
      "instances": [
        {
          "schema_version": 0,
          "attributes": {
            "id": "/subscriptions/88e98c7d-911a-45db-87e2-c788bd626c53/resourceGroups/example-resources/providers/Microsoft.Network/azureFirewalls/testfirewall",
            "ip_configuration": [
              {
                "name": "configuration",
                "private_ip_address": "10.0.1.4",
                "public_ip_address_id": "/subscriptions/88e98c7d-911a-45db-87e2-c788bd626c53/resourceGroups/example-resources/providers/Microsoft.Network/publicIPAddresses/testpip",
                "subnet_id": "/subscriptions/88e98c7d-911a-45db-87e2-c788bd626c53/resourceGroups/example-resources/providers/Microsoft.Network/virtualNetworks/testvnet/subnets/AzureFirewallSubnet"
              }
            ],
            "location": "northeurope",
            "management_ip_configuration": [],
            "name": "testfirewall",
            "resource_group_name": "example-resources",
            "tags": null,
            "threat_intel_mode": "Alert",
            "timeouts": null,
            "zones": null
          },
          "private": "eyJlMmJmYjczMC1lY2FhLTExZTYtOGY4OC0zNDM2M2JjN2M0YzAiOnsiY3JlYXRlIjo1NDAwMDAwMDAwMDAwLCJkZWxldGUiOjU0MDAwMDAwMDAwMDAsInJlYWQiOjMwMDAwMDAwMDAwMCwidXBkYXRlIjo1NDAwMDAwMDAwMDAwfX0=",
          "dependencies": [
            "azurerm_public_ip.example",
            "azurerm_resource_group.example",
            "azurerm_subnet.example",
            "azurerm_virtual_network.example"
          ]
        }
      ]
    },
    {
      "mode": "managed",
      "type": "azurerm_firewall_network_rule_collection",
      "name": "example",
      "provider": "provider[\"registry.terraform.io/hashicorp/azurerm\"]",
      "instances": [
        {
          "schema_version": 0,
          "attributes": {
            "action": "Allow",
            "azure_firewall_name": "testfirewall",
            "id": "/subscriptions/88e98c7d-911a-45db-87e2-c788bd626c53/resourceGroups/example-resources/providers/Microsoft.Network/azureFirewalls/testfirewall/networkRuleCollections/testcollection",
            "name": "testcollection",
            "priority": 100,
            "resource_group_name": "example-resources",
            "rule": [
              {
                "description": "",
                "destination_addresses": [
                  "8.8.4.4",
                  "8.8.8.8"
                ],
                "destination_ports": [
                  "53"
                ],
                "name": "testrule",
                "protocols": [
                  "TCP",
                  "UDP"
                ],
                "source_addresses": [
                  "10.0.0.0/16"
                ]
              }
            ],
            "timeouts": null
          },
          "private": "eyJlMmJmYjczMC1lY2FhLTExZTYtOGY4OC0zNDM2M2JjN2M0YzAiOnsiY3JlYXRlIjoxODAwMDAwMDAwMDAwLCJkZWxldGUiOjE4MDAwMDAwMDAwMDAsInJlYWQiOjMwMDAwMDAwMDAwMCwidXBkYXRlIjoxODAwMDAwMDAwMDAwfX0=",
          "dependencies": [
            "azurerm_firewall.example",
            "azurerm_public_ip.example",
            "azurerm_resource_group.example",
            "azurerm_subnet.example",
            "azurerm_virtual_network.example"
          ]
        }
      ]
    },
    {
      "mode": "managed",
      "type": "azurerm_public_ip",
      "name": "example",
      "provider": "provider[\"registry.terraform.io/hashicorp/azurerm\"]",
      "instances": [
        {
          "schema_version": 0,
          "attributes": {
            "allocation_method": "Static",
            "domain_name_label": null,
            "fqdn": null,
            "id": "/subscriptions/88e98c7d-911a-45db-87e2-c788bd626c53/resourceGroups/example-resources/providers/Microsoft.Network/publicIPAddresses/testpip",
            "idle_timeout_in_minutes": 4,
            "ip_address": "52.155.221.68",
            "ip_version": "IPv4",
            "location": "northeurope",
            "name": "testpip",
            "public_ip_prefix_id": null,
            "resource_group_name": "example-resources",
            "reverse_fqdn": null,
            "sku": "Standard",
            "tags": null,
            "timeouts": null,
            "zones": null
          },
          "private": "eyJlMmJmYjczMC1lY2FhLTExZTYtOGY4OC0zNDM2M2JjN2M0YzAiOnsiY3JlYXRlIjoxODAwMDAwMDAwMDAwLCJkZWxldGUiOjE4MDAwMDAwMDAwMDAsInJlYWQiOjMwMDAwMDAwMDAwMCwidXBkYXRlIjoxODAwMDAwMDAwMDAwfX0=",
          "dependencies": [
            "azurerm_resource_group.example"
          ]
        }
      ]
    },
    {
      "mode": "managed",
      "type": "azurerm_resource_group",
      "name": "example",
      "provider": "provider[\"registry.terraform.io/hashicorp/azurerm\"]",
      "instances": [
        {
          "schema_version": 0,
          "attributes": {
            "id": "/subscriptions/88e98c7d-911a-45db-87e2-c788bd626c53/resourceGroups/example-resources",
            "location": "northeurope",
            "name": "example-resources",
            "tags": null,
            "timeouts": null
          },
          "private": "eyJlMmJmYjczMC1lY2FhLTExZTYtOGY4OC0zNDM2M2JjN2M0YzAiOnsiY3JlYXRlIjo1NDAwMDAwMDAwMDAwLCJkZWxldGUiOjU0MDAwMDAwMDAwMDAsInJlYWQiOjMwMDAwMDAwMDAwMCwidXBkYXRlIjo1NDAwMDAwMDAwMDAwfX0="
        }
      ]
    },
    {
      "mode": "managed",
      "type": "azurerm_subnet",
      "name": "example",
      "provider": "provider[\"registry.terraform.io/hashicorp/azurerm\"]",
      "instances": [
        {
          "schema_version": 0,
          "attributes": {
            "address_prefix": "10.0.1.0/24",
            "address_prefixes": [
              "10.0.1.0/24"
            ],
            "delegation": [],
            "enforce_private_link_endpoint_network_policies": false,
            "enforce_private_link_service_network_policies": false,
            "id": "/subscriptions/88e98c7d-911a-45db-87e2-c788bd626c53/resourceGroups/example-resources/providers/Microsoft.Network/virtualNetworks/testvnet/subnets/AzureFirewallSubnet",
            "name": "AzureFirewallSubnet",
            "resource_group_name": "example-resources",
            "service_endpoints": null,
            "timeouts": null,
            "virtual_network_name": "testvnet"
          },
          "private": "eyJlMmJmYjczMC1lY2FhLTExZTYtOGY4OC0zNDM2M2JjN2M0YzAiOnsiY3JlYXRlIjoxODAwMDAwMDAwMDAwLCJkZWxldGUiOjE4MDAwMDAwMDAwMDAsInJlYWQiOjMwMDAwMDAwMDAwMCwidXBkYXRlIjoxODAwMDAwMDAwMDAwfX0=",
          "dependencies": [
            "azurerm_resource_group.example",
            "azurerm_virtual_network.example"
          ]
        }
      ]
    },
    {
      "mode": "managed",
      "type": "azurerm_virtual_network",
      "name": "example",
      "provider": "provider[\"registry.terraform.io/hashicorp/azurerm\"]",
      "instances": [
        {
          "schema_version": 0,
          "attributes": {
            "address_space": [
              "10.0.0.0/16"
            ],
            "ddos_protection_plan": [],
            "dns_servers": null,
            "guid": "8fff29d4-d78f-441a-8b92-1433623c0d7c",
            "id": "/subscriptions/88e98c7d-911a-45db-87e2-c788bd626c53/resourceGroups/example-resources/providers/Microsoft.Network/virtualNetworks/testvnet",
            "location": "northeurope",
            "name": "testvnet",
            "resource_group_name": "example-resources",
            "subnet": [],
            "tags": null,
            "timeouts": null
          },
          "private": "eyJlMmJmYjczMC1lY2FhLTExZTYtOGY4OC0zNDM2M2JjN2M0YzAiOnsiY3JlYXRlIjoxODAwMDAwMDAwMDAwLCJkZWxldGUiOjE4MDAwMDAwMDAwMDAsInJlYWQiOjMwMDAwMDAwMDAwMCwidXBkYXRlIjoxODAwMDAwMDAwMDAwfX0=",
          "dependencies": [
            "azurerm_resource_group.example"
          ]
        }
      ]
    }
  ]
}
