{
  "version": 4,
  "terraform_version": "0.13.3",
  "serial": 388,
  "lineage": "f82ded45-62cc-7dc2-048e-868f362785ce",
  "outputs": {
    "pip": {
      "value": "40.114.69.147",
      "type": "string"
    }
  },
  "resources": [
    {
      "mode": "data",
      "type": "azurerm_key_vault_secret",
      "name": "mySecret",
      "provider": "provider[\"registry.terraform.io/hashicorp/azurerm\"]",
      "instances": [
        {
          "schema_version": 0,
          "attributes": {
            "content_type": "",
            "id": "https://kv-25092020.vault.azure.net/secrets/admin-password/825e11beba224e0795c3a34aeea5337d",
            "key_vault_id": "/subscriptions/88e98c7d-911a-45db-87e2-c788bd626c53/resourceGroups/RG_keep/providers/Microsoft.KeyVault/vaults/KV-25092020",
            "name": "admin-password",
            "tags": {},
            "timeouts": null,
            "value": "HJHDBND653jkdkfdkcvjdjd!!!",
            "version": "825e11beba224e0795c3a34aeea5337d"
          }
        }
      ]
    },
    {
      "mode": "managed",
      "type": "azurerm_network_interface",
      "name": "main",
      "provider": "provider[\"registry.terraform.io/hashicorp/azurerm\"]",
      "instances": [
        {
          "schema_version": 0,
          "attributes": {
            "applied_dns_servers": [],
            "dns_servers": [],
            "enable_accelerated_networking": false,
            "enable_ip_forwarding": false,
            "id": "/subscriptions/88e98c7d-911a-45db-87e2-c788bd626c53/resourceGroups/vnetvmkv-RG/providers/Microsoft.Network/networkInterfaces/cloudskills-nic",
            "internal_dns_name_label": "",
            "internal_domain_name_suffix": "",
            "ip_configuration": [
              {
                "name": "cloudskills-nic-ip-config",
                "primary": true,
                "private_ip_address": "10.0.1.4",
                "private_ip_address_allocation": "Dynamic",
                "private_ip_address_version": "IPv4",
                "public_ip_address_id": "/subscriptions/88e98c7d-911a-45db-87e2-c788bd626c53/resourceGroups/vnetvmkv-RG/providers/Microsoft.Network/publicIPAddresses/cloudskills-publicIP",
                "subnet_id": "/subscriptions/88e98c7d-911a-45db-87e2-c788bd626c53/resourceGroups/vnetvmkv-RG/providers/Microsoft.Network/virtualNetworks/cloudskills-vnet/subnets/testsubnet"
              }
            ],
            "location": "eastus",
            "mac_address": "00-0D-3A-14-3E-D7",
            "name": "cloudskills-nic",
            "private_ip_address": "10.0.1.4",
            "private_ip_addresses": [
              "10.0.1.4"
            ],
            "resource_group_name": "vnetvmkv-RG",
            "tags": {},
            "timeouts": null,
            "virtual_machine_id": ""
          },
          "private": "eyJlMmJmYjczMC1lY2FhLTExZTYtOGY4OC0zNDM2M2JjN2M0YzAiOnsiY3JlYXRlIjoxODAwMDAwMDAwMDAwLCJkZWxldGUiOjE4MDAwMDAwMDAwMDAsInJlYWQiOjMwMDAwMDAwMDAwMCwidXBkYXRlIjoxODAwMDAwMDAwMDAwfX0=",
          "dependencies": [
            "azurerm_network_security_group.CloudskillsSG",
            "azurerm_public_ip.cloudskills-publicIP",
            "azurerm_resource_group.rg",
            "azurerm_subnet.cloudskills-sub"
          ]
        }
      ]
    },
    {
      "mode": "managed",
      "type": "azurerm_network_security_group",
      "name": "CloudskillsSG",
      "provider": "provider[\"registry.terraform.io/hashicorp/azurerm\"]",
      "instances": [
        {
          "schema_version": 0,
          "attributes": {
            "id": "/subscriptions/88e98c7d-911a-45db-87e2-c788bd626c53/resourceGroups/vnetvmkv-RG/providers/Microsoft.Network/networkSecurityGroups/cloudSkillsSG",
            "location": "eastus",
            "name": "cloudSkillsSG",
            "resource_group_name": "vnetvmkv-RG",
            "security_rule": [
              {
                "access": "Allow",
                "description": "",
                "destination_address_prefix": "*",
                "destination_address_prefixes": [],
                "destination_application_security_group_ids": [],
                "destination_port_range": "22",
                "destination_port_ranges": [],
                "direction": "Inbound",
                "name": "Allow22",
                "priority": 102,
                "protocol": "Tcp",
                "source_address_prefix": "88.120.30.227",
                "source_address_prefixes": [],
                "source_application_security_group_ids": [],
                "source_port_range": "*",
                "source_port_ranges": []
              }
            ],
            "tags": {
              "env": "az104"
            },
            "timeouts": null
          },
          "private": "eyJlMmJmYjczMC1lY2FhLTExZTYtOGY4OC0zNDM2M2JjN2M0YzAiOnsiY3JlYXRlIjoxODAwMDAwMDAwMDAwLCJkZWxldGUiOjE4MDAwMDAwMDAwMDAsInJlYWQiOjMwMDAwMDAwMDAwMCwidXBkYXRlIjoxODAwMDAwMDAwMDAwfX0=",
          "dependencies": [
            "azurerm_resource_group.rg"
          ]
        }
      ]
    },
    {
      "mode": "managed",
      "type": "azurerm_network_security_rule",
      "name": "Port22",
      "provider": "provider[\"registry.terraform.io/hashicorp/azurerm\"]",
      "instances": [
        {
          "schema_version": 0,
          "attributes": {
            "access": "Allow",
            "description": "",
            "destination_address_prefix": "*",
            "destination_address_prefixes": [],
            "destination_application_security_group_ids": [],
            "destination_port_range": "22",
            "destination_port_ranges": [],
            "direction": "Inbound",
            "id": "/subscriptions/88e98c7d-911a-45db-87e2-c788bd626c53/resourceGroups/vnetvmkv-RG/providers/Microsoft.Network/networkSecurityGroups/cloudSkillsSG/securityRules/Allow22",
            "name": "Allow22",
            "network_security_group_name": "cloudSkillsSG",
            "priority": 102,
            "protocol": "Tcp",
            "resource_group_name": "vnetvmkv-RG",
            "source_address_prefix": "88.120.30.227",
            "source_address_prefixes": [],
            "source_application_security_group_ids": [],
            "source_port_range": "*",
            "source_port_ranges": [],
            "timeouts": null
          },
          "private": "eyJlMmJmYjczMC1lY2FhLTExZTYtOGY4OC0zNDM2M2JjN2M0YzAiOnsiY3JlYXRlIjoxODAwMDAwMDAwMDAwLCJkZWxldGUiOjE4MDAwMDAwMDAwMDAsInJlYWQiOjMwMDAwMDAwMDAwMCwidXBkYXRlIjoxODAwMDAwMDAwMDAwfX0=",
          "dependencies": [
            "azurerm_network_security_group.CloudskillsSG",
            "azurerm_resource_group.rg"
          ]
        }
      ]
    },
    {
      "mode": "managed",
      "type": "azurerm_public_ip",
      "name": "cloudskills-publicIP",
      "provider": "provider[\"registry.terraform.io/hashicorp/azurerm\"]",
      "instances": [
        {
          "schema_version": 0,
          "attributes": {
            "allocation_method": "Static",
            "domain_name_label": null,
            "fqdn": null,
            "id": "/subscriptions/88e98c7d-911a-45db-87e2-c788bd626c53/resourceGroups/vnetvmkv-RG/providers/Microsoft.Network/publicIPAddresses/cloudskills-publicIP",
            "idle_timeout_in_minutes": 4,
            "ip_address": "40.114.69.147",
            "ip_version": "IPv4",
            "location": "eastus",
            "name": "cloudskills-publicIP",
            "public_ip_prefix_id": null,
            "resource_group_name": "vnetvmkv-RG",
            "reverse_fqdn": null,
            "sku": "Basic",
            "tags": {
              "env": "az104"
            },
            "timeouts": null,
            "zones": []
          },
          "private": "eyJlMmJmYjczMC1lY2FhLTExZTYtOGY4OC0zNDM2M2JjN2M0YzAiOnsiY3JlYXRlIjoxODAwMDAwMDAwMDAwLCJkZWxldGUiOjE4MDAwMDAwMDAwMDAsInJlYWQiOjMwMDAwMDAwMDAwMCwidXBkYXRlIjoxODAwMDAwMDAwMDAwfX0=",
          "dependencies": [
            "azurerm_network_security_group.CloudskillsSG",
            "azurerm_resource_group.rg"
          ]
        }
      ]
    },
    {
      "mode": "managed",
      "type": "azurerm_resource_group",
      "name": "rg",
      "provider": "provider[\"registry.terraform.io/hashicorp/azurerm\"]",
      "instances": [
        {
          "schema_version": 0,
          "attributes": {
            "id": "/subscriptions/88e98c7d-911a-45db-87e2-c788bd626c53/resourceGroups/vnetvmkv-RG",
            "location": "eastus",
            "name": "vnetvmkv-RG",
            "tags": {
              "env": "az104",
              "owner": "steph"
            },
            "timeouts": null
          },
          "private": "eyJlMmJmYjczMC1lY2FhLTExZTYtOGY4OC0zNDM2M2JjN2M0YzAiOnsiY3JlYXRlIjo1NDAwMDAwMDAwMDAwLCJkZWxldGUiOjU0MDAwMDAwMDAwMDAsInJlYWQiOjMwMDAwMDAwMDAwMCwidXBkYXRlIjo1NDAwMDAwMDAwMDAwfX0="
        }
      ]
    },
    {
      "mode": "managed",
      "type": "azurerm_storage_account",
      "name": "example",
      "provider": "provider[\"registry.terraform.io/hashicorp/azurerm\"]",
      "instances": [
        {
          "schema_version": 2,
          "attributes": {
            "access_tier": "Hot",
            "account_kind": "StorageV2",
            "account_replication_type": "LRS",
            "account_tier": "Standard",
            "blob_properties": [],
            "custom_domain": [],
            "enable_https_traffic_only": true,
            "id": "/subscriptions/88e98c7d-911a-45db-87e2-c788bd626c53/resourceGroups/vnetvmkv-RG/providers/Microsoft.Storage/storageAccounts/storage0jdhur23nk8b",
            "identity": [],
            "is_hns_enabled": false,
            "location": "eastus",
            "name": "storage0jdhur23nk8b",
            "network_rules": [
              {
                "bypass": [
                  "AzureServices"
                ],
                "default_action": "Allow",
                "ip_rules": [],
                "virtual_network_subnet_ids": []
              }
            ],
            "primary_access_key": "kaXiaMNtnl9ze87MwH7IgouYehPVGHa430MRApf409Hkc2yxn16xtc4qL1AviQEL8F3VYYuCZft/KELvixLFtg==",
            "primary_blob_connection_string": "DefaultEndpointsProtocol=https;BlobEndpoint=https://storage0jdhur23nk8b.blob.core.windows.net/;AccountName=storage0jdhur23nk8b;AccountKey=kaXiaMNtnl9ze87MwH7IgouYehPVGHa430MRApf409Hkc2yxn16xtc4qL1AviQEL8F3VYYuCZft/KELvixLFtg==",
            "primary_blob_endpoint": "https://storage0jdhur23nk8b.blob.core.windows.net/",
            "primary_blob_host": "storage0jdhur23nk8b.blob.core.windows.net",
            "primary_connection_string": "DefaultEndpointsProtocol=https;AccountName=storage0jdhur23nk8b;AccountKey=kaXiaMNtnl9ze87MwH7IgouYehPVGHa430MRApf409Hkc2yxn16xtc4qL1AviQEL8F3VYYuCZft/KELvixLFtg==;EndpointSuffix=core.windows.net",
            "primary_dfs_endpoint": "https://storage0jdhur23nk8b.dfs.core.windows.net/",
            "primary_dfs_host": "storage0jdhur23nk8b.dfs.core.windows.net",
            "primary_file_endpoint": "https://storage0jdhur23nk8b.file.core.windows.net/",
            "primary_file_host": "storage0jdhur23nk8b.file.core.windows.net",
            "primary_location": "eastus",
            "primary_queue_endpoint": "https://storage0jdhur23nk8b.queue.core.windows.net/",
            "primary_queue_host": "storage0jdhur23nk8b.queue.core.windows.net",
            "primary_table_endpoint": "https://storage0jdhur23nk8b.table.core.windows.net/",
            "primary_table_host": "storage0jdhur23nk8b.table.core.windows.net",
            "primary_web_endpoint": "https://storage0jdhur23nk8b.z13.web.core.windows.net/",
            "primary_web_host": "storage0jdhur23nk8b.z13.web.core.windows.net",
            "queue_properties": [
              {
                "cors_rule": [],
                "hour_metrics": [
                  {
                    "enabled": true,
                    "include_apis": true,
                    "retention_policy_days": 7,
                    "version": "1.0"
                  }
                ],
                "logging": [
                  {
                    "delete": false,
                    "read": false,
                    "retention_policy_days": 0,
                    "version": "1.0",
                    "write": false
                  }
                ],
                "minute_metrics": [
                  {
                    "enabled": false,
                    "include_apis": false,
                    "retention_policy_days": 0,
                    "version": "1.0"
                  }
                ]
              }
            ],
            "resource_group_name": "vnetvmkv-RG",
            "secondary_access_key": "hbM81y+ThpHaB/F8TksU8Gy2prfq4Da37d67BcU9opExHtmAEXobEk7RxGqwsDqPrH5g3IIlj8/93RDCkWi/MA==",
            "secondary_blob_connection_string": "",
            "secondary_blob_endpoint": null,
            "secondary_blob_host": null,
            "secondary_connection_string": "DefaultEndpointsProtocol=https;AccountName=storage0jdhur23nk8b;AccountKey=hbM81y+ThpHaB/F8TksU8Gy2prfq4Da37d67BcU9opExHtmAEXobEk7RxGqwsDqPrH5g3IIlj8/93RDCkWi/MA==;EndpointSuffix=core.windows.net",
            "secondary_dfs_endpoint": null,
            "secondary_dfs_host": null,
            "secondary_file_endpoint": null,
            "secondary_file_host": null,
            "secondary_location": "",
            "secondary_queue_endpoint": null,
            "secondary_queue_host": null,
            "secondary_table_endpoint": null,
            "secondary_table_host": null,
            "secondary_web_endpoint": null,
            "secondary_web_host": null,
            "static_website": [],
            "tags": {
              "env": "az104"
            },
            "timeouts": null
          },
          "private": "eyJlMmJmYjczMC1lY2FhLTExZTYtOGY4OC0zNDM2M2JjN2M0YzAiOnsiY3JlYXRlIjozNjAwMDAwMDAwMDAwLCJkZWxldGUiOjM2MDAwMDAwMDAwMDAsInJlYWQiOjMwMDAwMDAwMDAwMCwidXBkYXRlIjozNjAwMDAwMDAwMDAwfSwic2NoZW1hX3ZlcnNpb24iOiIyIn0=",
          "dependencies": [
            "azurerm_resource_group.rg",
            "random_string.storageaccountname"
          ]
        }
      ]
    },
    {
      "mode": "managed",
      "type": "azurerm_subnet",
      "name": "cloudskills-sub",
      "provider": "provider[\"registry.terraform.io/hashicorp/azurerm\"]",
      "instances": [
        {
          "schema_version": 0,
          "attributes": {
            "address_prefix": "10.0.1.0/24",
            "address_prefixes": [
              "10.0.1.0/24"
            ],
            "delegation": [],
            "enforce_private_link_endpoint_network_policies": false,
            "enforce_private_link_service_network_policies": false,
            "id": "/subscriptions/88e98c7d-911a-45db-87e2-c788bd626c53/resourceGroups/vnetvmkv-RG/providers/Microsoft.Network/virtualNetworks/cloudskills-vnet/subnets/testsubnet",
            "name": "testsubnet",
            "resource_group_name": "vnetvmkv-RG",
            "service_endpoints": [],
            "timeouts": null,
            "virtual_network_name": "cloudskills-vnet"
          },
          "private": "eyJlMmJmYjczMC1lY2FhLTExZTYtOGY4OC0zNDM2M2JjN2M0YzAiOnsiY3JlYXRlIjoxODAwMDAwMDAwMDAwLCJkZWxldGUiOjE4MDAwMDAwMDAwMDAsInJlYWQiOjMwMDAwMDAwMDAwMCwidXBkYXRlIjoxODAwMDAwMDAwMDAwfX0=",
          "dependencies": [
            "azurerm_network_security_group.CloudskillsSG",
            "azurerm_resource_group.rg",
            "azurerm_virtual_network.cloudskills-vnet"
          ]
        }
      ]
    },
    {
      "mode": "managed",
      "type": "azurerm_subnet_network_security_group_association",
      "name": "example",
      "provider": "provider[\"registry.terraform.io/hashicorp/azurerm\"]",
      "instances": [
        {
          "schema_version": 0,
          "attributes": {
            "id": "/subscriptions/88e98c7d-911a-45db-87e2-c788bd626c53/resourceGroups/vnetvmkv-RG/providers/Microsoft.Network/virtualNetworks/cloudskills-vnet/subnets/testsubnet",
            "network_security_group_id": "/subscriptions/88e98c7d-911a-45db-87e2-c788bd626c53/resourceGroups/vnetvmkv-RG/providers/Microsoft.Network/networkSecurityGroups/cloudSkillsSG",
            "subnet_id": "/subscriptions/88e98c7d-911a-45db-87e2-c788bd626c53/resourceGroups/vnetvmkv-RG/providers/Microsoft.Network/virtualNetworks/cloudskills-vnet/subnets/testsubnet",
            "timeouts": null
          },
          "private": "eyJlMmJmYjczMC1lY2FhLTExZTYtOGY4OC0zNDM2M2JjN2M0YzAiOnsiY3JlYXRlIjoxODAwMDAwMDAwMDAwLCJkZWxldGUiOjE4MDAwMDAwMDAwMDAsInJlYWQiOjMwMDAwMDAwMDAwMCwidXBkYXRlIjoxODAwMDAwMDAwMDAwfX0=",
          "dependencies": [
            "azurerm_network_security_group.CloudskillsSG",
            "azurerm_resource_group.rg",
            "azurerm_subnet.cloudskills-sub",
            "azurerm_virtual_network.cloudskills-vnet"
          ]
        }
      ]
    },
    {
      "mode": "managed",
      "type": "azurerm_virtual_machine",
      "name": "CloudskilsDevVM",
      "provider": "provider[\"registry.terraform.io/hashicorp/azurerm\"]",
      "instances": [
        {
          "schema_version": 0,
          "attributes": {
            "additional_capabilities": [],
            "availability_set_id": null,
            "boot_diagnostics": [
              {
                "enabled": true,
                "storage_uri": "https://storage0jdhur23nk8b.blob.core.windows.net/"
              }
            ],
            "delete_data_disks_on_termination": false,
            "delete_os_disk_on_termination": true,
            "id": "/subscriptions/88e98c7d-911a-45db-87e2-c788bd626c53/resourceGroups/vnetvmkv-RG/providers/Microsoft.Compute/virtualMachines/cloudskillsvm",
            "identity": [],
            "license_type": null,
            "location": "eastus",
            "name": "cloudskillsvm",
            "network_interface_ids": [
              "/subscriptions/88e98c7d-911a-45db-87e2-c788bd626c53/resourceGroups/vnetvmkv-RG/providers/Microsoft.Network/networkInterfaces/cloudskills-nic"
            ],
            "os_profile": [
              {
                "admin_password": "",
                "admin_username": "steph",
                "computer_name": "cloudskillsdev01",
                "custom_data": ""
              }
            ],
            "os_profile_linux_config": [
              {
                "disable_password_authentication": false,
                "ssh_keys": []
              }
            ],
            "os_profile_secrets": [],
            "os_profile_windows_config": [],
            "plan": [],
            "primary_network_interface_id": null,
            "proximity_placement_group_id": null,
            "resource_group_name": "vnetvmkv-RG",
            "storage_data_disk": [],
            "storage_image_reference": [
              {
                "id": "",
                "offer": "UbuntuServer",
                "publisher": "Canonical",
                "sku": "18.04-LTS",
                "version": "latest"
              }
            ],
            "storage_os_disk": [
              {
                "caching": "ReadWrite",
                "create_option": "FromImage",
                "disk_size_gb": 30,
                "image_uri": "",
                "managed_disk_id": "/subscriptions/88e98c7d-911a-45db-87e2-c788bd626c53/resourceGroups/VNETVMKV-RG/providers/Microsoft.Compute/disks/disk1",
                "managed_disk_type": "Standard_LRS",
                "name": "disk1",
                "os_type": "Linux",
                "vhd_uri": "",
                "write_accelerator_enabled": false
              }
            ],
            "tags": {
              "env": "az104"
            },
            "timeouts": null,
            "vm_size": "Standard_DS1_v2",
            "zones": null
          },
          "private": "eyJlMmJmYjczMC1lY2FhLTExZTYtOGY4OC0zNDM2M2JjN2M0YzAiOnsiY3JlYXRlIjozNjAwMDAwMDAwMDAwLCJkZWxldGUiOjM2MDAwMDAwMDAwMDAsInJlYWQiOjMwMDAwMDAwMDAwMCwidXBkYXRlIjozNjAwMDAwMDAwMDAwfX0=",
          "dependencies": [
            "azurerm_network_interface.main",
            "azurerm_network_security_group.CloudskillsSG",
            "azurerm_public_ip.cloudskills-publicIP",
            "azurerm_resource_group.rg",
            "azurerm_storage_account.example",
            "azurerm_subnet.cloudskills-sub",
            "data.azurerm_key_vault_secret.mySecret",
            "random_string.storageaccountname"
          ]
        }
      ]
    },
    {
      "mode": "managed",
      "type": "azurerm_virtual_network",
      "name": "cloudskills-vnet",
      "provider": "provider[\"registry.terraform.io/hashicorp/azurerm\"]",
      "instances": [
        {
          "schema_version": 0,
          "attributes": {
            "address_space": [
              "10.0.0.0/16"
            ],
            "ddos_protection_plan": [],
            "dns_servers": [
              "8.8.8.8",
              "8.8.4.4"
            ],
            "guid": "80ed34fe-0289-45bb-888a-07e1f91d9978",
            "id": "/subscriptions/88e98c7d-911a-45db-87e2-c788bd626c53/resourceGroups/vnetvmkv-RG/providers/Microsoft.Network/virtualNetworks/cloudskills-vnet",
            "location": "eastus",
            "name": "cloudskills-vnet",
            "resource_group_name": "vnetvmkv-RG",
            "subnet": [
              {
                "address_prefix": "10.0.1.0/24",
                "id": "/subscriptions/88e98c7d-911a-45db-87e2-c788bd626c53/resourceGroups/vnetvmkv-RG/providers/Microsoft.Network/virtualNetworks/cloudskills-vnet/subnets/testsubnet",
                "name": "testsubnet",
                "security_group": "/subscriptions/88e98c7d-911a-45db-87e2-c788bd626c53/resourceGroups/vnetvmkv-RG/providers/Microsoft.Network/networkSecurityGroups/cloudSkillsSG"
              }
            ],
            "tags": {
              "env": "az104"
            },
            "timeouts": null
          },
          "private": "eyJlMmJmYjczMC1lY2FhLTExZTYtOGY4OC0zNDM2M2JjN2M0YzAiOnsiY3JlYXRlIjoxODAwMDAwMDAwMDAwLCJkZWxldGUiOjE4MDAwMDAwMDAwMDAsInJlYWQiOjMwMDAwMDAwMDAwMCwidXBkYXRlIjoxODAwMDAwMDAwMDAwfX0=",
          "dependencies": [
            "azurerm_resource_group.rg"
          ]
        }
      ]
    },
    {
      "mode": "managed",
      "type": "random_string",
      "name": "storageaccountname",
      "provider": "provider[\"registry.terraform.io/hashicorp/random\"]",
      "instances": [
        {
          "schema_version": 1,
          "attributes": {
            "id": "0jdhur23nk8b",
            "keepers": null,
            "length": 12,
            "lower": true,
            "min_lower": 0,
            "min_numeric": 0,
            "min_special": 0,
            "min_upper": 0,
            "number": true,
            "override_special": null,
            "result": "0jdhur23nk8b",
            "special": false,
            "upper": false
          },
          "private": "eyJzY2hlbWFfdmVyc2lvbiI6IjEifQ=="
        }
      ]
    }
  ]
}
