{
  "version": 4,
  "terraform_version": "0.13.3",
  "serial": 25,
  "lineage": "5a63cfa4-112d-7839-ace4-148ca495325f",
  "outputs": {},
  "resources": [
    {
      "mode": "managed",
      "type": "azurerm_resource_group",
      "name": "rg",
      "provider": "provider[\"registry.terraform.io/hashicorp/azurerm\"]",
      "instances": [
        {
          "schema_version": 0,
          "attributes": {
            "id": "/subscriptions/88e98c7d-911a-45db-87e2-c788bd626c53/resourceGroups/CloudSkilsAKSRG1992",
            "location": "eastus2",
            "name": "CloudSkilsAKSRG1992",
            "tags": {
              "Environment": "Terraform AKS Demo"
            },
            "timeouts": null
          }
        }
      ]
    }
  ]
}
